// !$*UTF8*$!
{
	archiveVersion = 1;
	classes = {
	};
	objectVersion = 46;
	objects = {

/* Begin PBXBuildFile section */
		9BD51A611A5445DA00DE79CA /* Foundation.framework in Frameworks */ = {isa = PBXBuildFile; fileRef = 9BD51A601A5445DA00DE79CA /* Foundation.framework */; };
		9BD51A631A5445DA00DE79CA /* CoreGraphics.framework in Frameworks */ = {isa = PBXBuildFile; fileRef = 9BD51A621A5445DA00DE79CA /* CoreGraphics.framework */; };
		9BD51A651A5445DA00DE79CA /* UIKit.framework in Frameworks */ = {isa = PBXBuildFile; fileRef = 9BD51A641A5445DA00DE79CA /* UIKit.framework */; };
		9BD51A6B1A5445DA00DE79CA /* InfoPlist.strings in Resources */ = {isa = PBXBuildFile; fileRef = 9BD51A691A5445DA00DE79CA /* InfoPlist.strings */; };
		9BD51A6D1A5445DA00DE79CA /* main.m in Sources */ = {isa = PBXBuildFile; fileRef = 9BD51A6C1A5445DA00DE79CA /* main.m */; };
		9BD51A711A5445DA00DE79CA /* AppDelegate.m in Sources */ = {isa = PBXBuildFile; fileRef = 9BD51A701A5445DA00DE79CA /* AppDelegate.m */; };
		9BD51A741A5445DA00DE79CA /* Main.storyboard in Resources */ = {isa = PBXBuildFile; fileRef = 9BD51A721A5445DA00DE79CA /* Main.storyboard */; };
		9BD51A771A5445DA00DE79CA /* FirstViewController.m in Sources */ = {isa = PBXBuildFile; fileRef = 9BD51A761A5445DA00DE79CA /* FirstViewController.m */; };
		9BD51A7A1A5445DA00DE79CA /* SecondViewController.m in Sources */ = {isa = PBXBuildFile; fileRef = 9BD51A791A5445DA00DE79CA /* SecondViewController.m */; };
		9BD51A7C1A5445DA00DE79CA /* Images.xcassets in Resources */ = {isa = PBXBuildFile; fileRef = 9BD51A7B1A5445DA00DE79CA /* Images.xcassets */; };
		9BD51A831A5445DA00DE79CA /* XCTest.framework in Frameworks */ = {isa = PBXBuildFile; fileRef = 9BD51A821A5445DA00DE79CA /* XCTest.framework */; };
		9BD51A841A5445DA00DE79CA /* Foundation.framework in Frameworks */ = {isa = PBXBuildFile; fileRef = 9BD51A601A5445DA00DE79CA /* Foundation.framework */; };
		9BD51A851A5445DA00DE79CA /* UIKit.framework in Frameworks */ = {isa = PBXBuildFile; fileRef = 9BD51A641A5445DA00DE79CA /* UIKit.framework */; };
		9BD51A8D1A5445DA00DE79CA /* InfoPlist.strings in Resources */ = {isa = PBXBuildFile; fileRef = 9BD51A8B1A5445DA00DE79CA /* InfoPlist.strings */; };
		9BD51A8F1A5445DA00DE79CA /* webviewTests.m in Sources */ = {isa = PBXBuildFile; fileRef = 9BD51A8E1A5445DA00DE79CA /* webviewTests.m */; };
/* End PBXBuildFile section */

/* Begin PBXContainerItemProxy section */
		9BD51A861A5445DA00DE79CA /* PBXContainerItemProxy */ = {
			isa = PBXContainerItemProxy;
			containerPortal = 9BD51A551A5445DA00DE79CA /* Project object */;
			proxyType = 1;
			remoteGlobalIDString = 9BD51A5C1A5445DA00DE79CA;
			remoteInfo = webview;
		};
/* End PBXContainerItemProxy section */

/* Begin PBXFileReference section */
		9BD51A5D1A5445DA00DE79CA /* webview.app */ = {isa = PBXFileReference; explicitFileType = wrapper.application; includeInIndex = 0; path = webview.app; sourceTree = BUILT_PRODUCTS_DIR; };
		9BD51A601A5445DA00DE79CA /* Foundation.framework */ = {isa = PBXFileReference; lastKnownFileType = wrapper.framework; name = Foundation.framework; path = System/Library/Frameworks/Foundation.framework; sourceTree = SDKROOT; };
		9BD51A621A5445DA00DE79CA /* CoreGraphics.framework */ = {isa = PBXFileReference; lastKnownFileType = wrapper.framework; name = CoreGraphics.framework; path = System/Library/Frameworks/CoreGraphics.framework; sourceTree = SDKROOT; };
		9BD51A641A5445DA00DE79CA /* UIKit.framework */ = {isa = PBXFileReference; lastKnownFileType = wrapper.framework; name = UIKit.framework; path = System/Library/Frameworks/UIKit.framework; sourceTree = SDKROOT; };
		9BD51A681A5445DA00DE79CA /* webview-Info.plist */ = {isa = PBXFileReference; lastKnownFileType = text.plist.xml; path = "webview-Info.plist"; sourceTree = "<group>"; };
		9BD51A6A1A5445DA00DE79CA /* en */ = {isa = PBXFileReference; lastKnownFileType = text.plist.strings; name = en; path = en.lproj/InfoPlist.strings; sourceTree = "<group>"; };
		9BD51A6C1A5445DA00DE79CA /* main.m */ = {isa = PBXFileReference; lastKnownFileType = sourcecode.c.objc; path = main.m; sourceTree = "<group>"; };
		9BD51A6E1A5445DA00DE79CA /* webview-Prefix.pch */ = {isa = PBXFileReference; lastKnownFileType = sourcecode.c.h; path = "webview-Prefix.pch"; sourceTree = "<group>"; };
		9BD51A6F1A5445DA00DE79CA /* AppDelegate.h */ = {isa = PBXFileReference; lastKnownFileType = sourcecode.c.h; path = AppDelegate.h; sourceTree = "<group>"; };
		9BD51A701A5445DA00DE79CA /* AppDelegate.m */ = {isa = PBXFileReference; lastKnownFileType = sourcecode.c.objc; path = AppDelegate.m; sourceTree = "<group>"; };
		9BD51A731A5445DA00DE79CA /* Base */ = {isa = PBXFileReference; lastKnownFileType = file.storyboard; name = Base; path = Base.lproj/Main.storyboard; sourceTree = "<group>"; };
		9BD51A751A5445DA00DE79CA /* FirstViewController.h */ = {isa = PBXFileReference; lastKnownFileType = sourcecode.c.h; path = FirstViewController.h; sourceTree = "<group>"; };
		9BD51A761A5445DA00DE79CA /* FirstViewController.m */ = {isa = PBXFileReference; lastKnownFileType = sourcecode.c.objc; path = FirstViewController.m; sourceTree = "<group>"; };
		9BD51A781A5445DA00DE79CA /* SecondViewController.h */ = {isa = PBXFileReference; lastKnownFileType = sourcecode.c.h; path = SecondViewController.h; sourceTree = "<group>"; };
		9BD51A791A5445DA00DE79CA /* SecondViewController.m */ = {isa = PBXFileReference; lastKnownFileType = sourcecode.c.objc; path = SecondViewController.m; sourceTree = "<group>"; };
		9BD51A7B1A5445DA00DE79CA /* Images.xcassets */ = {isa = PBXFileReference; lastKnownFileType = folder.assetcatalog; path = Images.xcassets; sourceTree = "<group>"; };
		9BD51A811A5445DA00DE79CA /* webviewTests.xctest */ = {isa = PBXFileReference; explicitFileType = wrapper.cfbundle; includeInIndex = 0; path = webviewTests.xctest; sourceTree = BUILT_PRODUCTS_DIR; };
		9BD51A821A5445DA00DE79CA /* XCTest.framework */ = {isa = PBXFileReference; lastKnownFileType = wrapper.framework; name = XCTest.framework; path = Library/Frameworks/XCTest.framework; sourceTree = DEVELOPER_DIR; };
		9BD51A8A1A5445DA00DE79CA /* webviewTests-Info.plist */ = {isa = PBXFileReference; lastKnownFileType = text.plist.xml; path = "webviewTests-Info.plist"; sourceTree = "<group>"; };
		9BD51A8C1A5445DA00DE79CA /* en */ = {isa = PBXFileReference; lastKnownFileType = text.plist.strings; name = en; path = en.lproj/InfoPlist.strings; sourceTree = "<group>"; };
		9BD51A8E1A5445DA00DE79CA /* webviewTests.m */ = {isa = PBXFileReference; lastKnownFileType = sourcecode.c.objc; path = webviewTests.m; sourceTree = "<group>"; };
/* End PBXFileReference section */

/* Begin PBXFrameworksBuildPhase section */
		9BD51A5A1A5445DA00DE79CA /* Frameworks */ = {
			isa = PBXFrameworksBuildPhase;
			buildActionMask = 2147483647;
			files = (
				9BD51A631A5445DA00DE79CA /* CoreGraphics.framework in Frameworks */,
				9BD51A651A5445DA00DE79CA /* UIKit.framework in Frameworks */,
				9BD51A611A5445DA00DE79CA /* Foundation.framework in Frameworks */,
			);
			runOnlyForDeploymentPostprocessing = 0;
		};
		9BD51A7E1A5445DA00DE79CA /* Frameworks */ = {
			isa = PBXFrameworksBuildPhase;
			buildActionMask = 2147483647;
			files = (
				9BD51A831A5445DA00DE79CA /* XCTest.framework in Frameworks */,
				9BD51A851A5445DA00DE79CA /* UIKit.framework in Frameworks */,
				9BD51A841A5445DA00DE79CA /* Foundation.framework in Frameworks */,
			);
			runOnlyForDeploymentPostprocessing = 0;
		};
/* End PBXFrameworksBuildPhase section */

/* Begin PBXGroup section */
		9BD51A541A5445DA00DE79CA = {
			isa = PBXGroup;
			children = (
				9BD51A661A5445DA00DE79CA /* webview */,
				9BD51A881A5445DA00DE79CA /* webviewTests */,
				9BD51A5F1A5445DA00DE79CA /* Frameworks */,
				9BD51A5E1A5445DA00DE79CA /* Products */,
			);
			sourceTree = "<group>";
		};
		9BD51A5E1A5445DA00DE79CA /* Products */ = {
			isa = PBXGroup;
			children = (
				9BD51A5D1A5445DA00DE79CA /* webview.app */,
				9BD51A811A5445DA00DE79CA /* webviewTests.xctest */,
			);
			name = Products;
			sourceTree = "<group>";
		};
		9BD51A5F1A5445DA00DE79CA /* Frameworks */ = {
			isa = PBXGroup;
			children = (
				9BD51A601A5445DA00DE79CA /* Foundation.framework */,
				9BD51A621A5445DA00DE79CA /* CoreGraphics.framework */,
				9BD51A641A5445DA00DE79CA /* UIKit.framework */,
				9BD51A821A5445DA00DE79CA /* XCTest.framework */,
			);
			name = Frameworks;
			sourceTree = "<group>";
		};
		9BD51A661A5445DA00DE79CA /* webview */ = {
			isa = PBXGroup;
			children = (
				9BD51A6F1A5445DA00DE79CA /* AppDelegate.h */,
				9BD51A701A5445DA00DE79CA /* AppDelegate.m */,
				9BD51A721A5445DA00DE79CA /* Main.storyboard */,
				9BD51A751A5445DA00DE79CA /* FirstViewController.h */,
				9BD51A761A5445DA00DE79CA /* FirstViewController.m */,
				9BD51A781A5445DA00DE79CA /* SecondViewController.h */,
				9BD51A791A5445DA00DE79CA /* SecondViewController.m */,
				9BD51A7B1A5445DA00DE79CA /* Images.xcassets */,
				9BD51A671A5445DA00DE79CA /* Supporting Files */,
			);
			path = webview;
			sourceTree = "<group>";
		};
		9BD51A671A5445DA00DE79CA /* Supporting Files */ = {
			isa = PBXGroup;
			children = (
				9BD51A681A5445DA00DE79CA /* webview-Info.plist */,
				9BD51A691A5445DA00DE79CA /* InfoPlist.strings */,
				9BD51A6C1A5445DA00DE79CA /* main.m */,
				9BD51A6E1A5445DA00DE79CA /* webview-Prefix.pch */,
			);
			name = "Supporting Files";
			sourceTree = "<group>";
		};
		9BD51A881A5445DA00DE79CA /* webviewTests */ = {
			isa = PBXGroup;
			children = (
				9BD51A8E1A5445DA00DE79CA /* webviewTests.m */,
				9BD51A891A5445DA00DE79CA /* Supporting Files */,
			);
			path = webviewTests;
			sourceTree = "<group>";
		};
		9BD51A891A5445DA00DE79CA /* Supporting Files */ = {
			isa = PBXGroup;
			children = (
				9BD51A8A1A5445DA00DE79CA /* webviewTests-Info.plist */,
				9BD51A8B1A5445DA00DE79CA /* InfoPlist.strings */,
			);
			name = "Supporting Files";
			sourceTree = "<group>";
		};
/* End PBXGroup section */

/* Begin PBXNativeTarget section */
		9BD51A5C1A5445DA00DE79CA /* webview */ = {
			isa = PBXNativeTarget;
			buildConfigurationList = 9BD51A921A5445DA00DE79CA /* Build configuration list for PBXNativeTarget "webview" */;
			buildPhases = (
				9BD51A591A5445DA00DE79CA /* Sources */,
				9BD51A5A1A5445DA00DE79CA /* Frameworks */,
				9BD51A5B1A5445DA00DE79CA /* Resources */,
			);
			buildRules = (
			);
			dependencies = (
			);
			name = webview;
			productName = webview;
			productReference = 9BD51A5D1A5445DA00DE79CA /* webview.app */;
			productType = "com.apple.product-type.application";
		};
		9BD51A801A5445DA00DE79CA /* webviewTests */ = {
			isa = PBXNativeTarget;
			buildConfigurationList = 9BD51A951A5445DA00DE79CA /* Build configuration list for PBXNativeTarget "webviewTests" */;
			buildPhases = (
				9BD51A7D1A5445DA00DE79CA /* Sources */,
				9BD51A7E1A5445DA00DE79CA /* Frameworks */,
				9BD51A7F1A5445DA00DE79CA /* Resources */,
			);
			buildRules = (
			);
			dependencies = (
				9BD51A871A5445DA00DE79CA /* PBXTargetDependency */,
			);
			name = webviewTests;
			productName = webviewTests;
			productReference = 9BD51A811A5445DA00DE79CA /* webviewTests.xctest */;
			productType = "com.apple.product-type.bundle.unit-test";
		};
/* End PBXNativeTarget section */

/* Begin PBXProject section */
		9BD51A551A5445DA00DE79CA /* Project object */ = {
			isa = PBXProject;
			attributes = {
				LastUpgradeCheck = 0510;
				ORGANIZATIONNAME = "salman mamun";
				TargetAttributes = {
					9BD51A801A5445DA00DE79CA = {
						TestTargetID = 9BD51A5C1A5445DA00DE79CA;
					};
				};
			};
			buildConfigurationList = 9BD51A581A5445DA00DE79CA /* Build configuration list for PBXProject "webview" */;
			compatibilityVersion = "Xcode 3.2";
			developmentRegion = English;
			hasScannedForEncodings = 0;
			knownRegions = (
				en,
				Base,
			);
			mainGroup = 9BD51A541A5445DA00DE79CA;
			productRefGroup = 9BD51A5E1A5445DA00DE79CA /* Products */;
			projectDirPath = "";
			projectRoot = "";
			targets = (
				9BD51A5C1A5445DA00DE79CA /* webview */,
				9BD51A801A5445DA00DE79CA /* webviewTests */,
			);
		};
/* End PBXProject section */

/* Begin PBXResourcesBuildPhase section */
		9BD51A5B1A5445DA00DE79CA /* Resources */ = {
			isa = PBXResourcesBuildPhase;
			buildActionMask = 2147483647;
			files = (
				9BD51A7C1A5445DA00DE79CA /* Images.xcassets in Resources */,
				9BD51A6B1A5445DA00DE79CA /* InfoPlist.strings in Resources */,
				9BD51A741A5445DA00DE79CA /* Main.storyboard in Resources */,
			);
			runOnlyForDeploymentPostprocessing = 0;
		};
		9BD51A7F1A5445DA00DE79CA /* Resources */ = {
			isa = PBXResourcesBuildPhase;
			buildActionMask = 2147483647;
			files = (
				9BD51A8D1A5445DA00DE79CA /* InfoPlist.strings in Resources */,
			);
			runOnlyForDeploymentPostprocessing = 0;
		};
/* End PBXResourcesBuildPhase section */

/* Begin PBXSourcesBuildPhase section */
		9BD51A591A5445DA00DE79CA /* Sources */ = {
			isa = PBXSourcesBuildPhase;
			buildActionMask = 2147483647;
			files = (
				9BD51A7A1A5445DA00DE79CA /* SecondViewController.m in Sources */,
				9BD51A711A5445DA00DE79CA /* AppDelegate.m in Sources */,
				9BD51A771A5445DA00DE79CA /* FirstViewController.m in Sources */,
				9BD51A6D1A5445DA00DE79CA /* main.m in Sources */,
			);
			runOnlyForDeploymentPostprocessing = 0;
		};
		9BD51A7D1A5445DA00DE79CA /* Sources */ = {
			isa = PBXSourcesBuildPhase;
			buildActionMask = 2147483647;
			files = (
				9BD51A8F1A5445DA00DE79CA /* webviewTests.m in Sources */,
			);
			runOnlyForDeploymentPostprocessing = 0;
		};
/* End PBXSourcesBuildPhase section */

/* Begin PBXTargetDependency section */
		9BD51A871A5445DA00DE79CA /* PBXTargetDependency */ = {
			isa = PBXTargetDependency;
			target = 9BD51A5C1A5445DA00DE79CA /* webview */;
			targetProxy = 9BD51A861A5445DA00DE79CA /* PBXContainerItemProxy */;
		};
/* End PBXTargetDependency section */

/* Begin PBXVariantGroup section */
		9BD51A691A5445DA00DE79CA /* InfoPlist.strings */ = {
			isa = PBXVariantGroup;
			children = (
				9BD51A6A1A5445DA00DE79CA /* en */,
			);
			name = InfoPlist.strings;
			sourceTree = "<group>";
		};
		9BD51A721A5445DA00DE79CA /* Main.storyboard */ = {
			isa = PBXVariantGroup;
			children = (
				9BD51A731A5445DA00DE79CA /* Base */,
			);
			name = Main.storyboard;
			sourceTree = "<group>";
		};
		9BD51A8B1A5445DA00DE79CA /* InfoPlist.strings */ = {
			isa = PBXVariantGroup;
			children = (
				9BD51A8C1A5445DA00DE79CA /* en */,
			);
			name = InfoPlist.strings;
			sourceTree = "<group>";
		};
/* End PBXVariantGroup section */

/* Begin XCBuildConfiguration section */
		9BD51A901A5445DA00DE79CA /* Debug */ = {
			isa = XCBuildConfiguration;
			buildSettings = {
				ALWAYS_SEARCH_USER_PATHS = NO;
				CLANG_CXX_LANGUAGE_STANDARD = "gnu++0x";
				CLANG_CXX_LIBRARY = "libc++";
				CLANG_ENABLE_MODULES = YES;
				CLANG_ENABLE_OBJC_ARC = YES;
				CLANG_WARN_BOOL_CONVERSION = YES;
				CLANG_WARN_CONSTANT_CONVERSION = YES;
				CLANG_WARN_DIRECT_OBJC_ISA_USAGE = YES_ERROR;
				CLANG_WARN_EMPTY_BODY = YES;
				CLANG_WARN_ENUM_CONVERSION = YES;
				CLANG_WARN_INT_CONVERSION = YES;
				CLANG_WARN_OBJC_ROOT_CLASS = YES_ERROR;
				CLANG_WARN__DUPLICATE_METHOD_MATCH = YES;
				"CODE_SIGN_IDENTITY[sdk=iphoneos*]" = "iPhone Developer";
				COPY_PHASE_STRIP = NO;
				GCC_C_LANGUAGE_STANDARD = gnu99;
				GCC_DYNAMIC_NO_PIC = NO;
				GCC_OPTIMIZATION_LEVEL = 0;
				GCC_PREPROCESSOR_DEFINITIONS = (
					"DEBUG=1",
					"$(inherited)",
				);
				GCC_SYMBOLS_PRIVATE_EXTERN = NO;
				GCC_WARN_64_TO_32_BIT_CONVERSION = YES;
				GCC_WARN_ABOUT_RETURN_TYPE = YES_ERROR;
				GCC_WARN_UNDECLARED_SELECTOR = YES;
				GCC_WARN_UNINITIALIZED_AUTOS = YES_AGGRESSIVE;
				GCC_WARN_UNUSED_FUNCTION = YES;
				GCC_WARN_UNUSED_VARIABLE = YES;
				IPHONEOS_DEPLOYMENT_TARGET = 7.1;
				ONLY_ACTIVE_ARCH = YES;
				SDKROOT = iphoneos;
			};
			name = Debug;
		};
		9BD51A911A5445DA00DE79CA /* Release */ = {
			isa = XCBuildConfiguration;
			buildSettings = {
				ALWAYS_SEARCH_USER_PATHS = NO;
				CLANG_CXX_LANGUAGE_STANDARD = "gnu++0x";
				CLANG_CXX_LIBRARY = "libc++";
				CLANG_ENABLE_MODULES = YES;
				CLANG_ENABLE_OBJC_ARC = YES;
				CLANG_WARN_BOOL_CONVERSION = YES;
				CLANG_WARN_CONSTANT_CONVERSION = YES;
				CLANG_WARN_DIRECT_OBJC_ISA_USAGE = YES_ERROR;
				CLANG_WARN_EMPTY_BODY = YES;
				CLANG_WARN_ENUM_CONVERSION = YES;
				CLANG_WARN_INT_CONVERSION = YES;
				CLANG_WARN_OBJC_ROOT_CLASS = YES_ERROR;
				CLANG_WARN__DUPLICATE_METHOD_MATCH = YES;
				"CODE_SIGN_IDENTITY[sdk=iphoneos*]" = "iPhone Developer";
				COPY_PHASE_STRIP = YES;
				ENABLE_NS_ASSERTIONS = NO;
				GCC_C_LANGUAGE_STANDARD = gnu99;
				GCC_WARN_64_TO_32_BIT_CONVERSION = YES;
				GCC_WARN_ABOUT_RETURN_TYPE = YES_ERROR;
				GCC_WARN_UNDECLARED_SELECTOR = YES;
				GCC_WARN_UNINITIALIZED_AUTOS = YES_AGGRESSIVE;
				GCC_WARN_UNUSED_FUNCTION = YES;
				GCC_WARN_UNUSED_VARIABLE = YES;
				IPHONEOS_DEPLOYMENT_TARGET = 7.1;
				SDKROOT = iphoneos;
				VALIDATE_PRODUCT = YES;
			};
			name = Release;
		};
		9BD51A931A5445DA00DE79CA /* Debug */ = {
			isa = XCBuildConfiguration;
			buildSettings = {
				ASSETCATALOG_COMPILER_APPICON_NAME = AppIcon;
				ASSETCATALOG_COMPILER_LAUNCHIMAGE_NAME = LaunchImage;
				GCC_PRECOMPILE_PREFIX_HEADER = YES;
				GCC_PREFIX_HEADER = "webview/webview-Prefix.pch";
				INFOPLIST_FILE = "webview/webview-Info.plist";
				PRODUCT_NAME = "$(TARGET_NAME)";
				WRAPPER_EXTENSION = app;
			};
			name = Debug;
		};
		9BD51A941A5445DA00DE79CA /* Release */ = {
			isa = XCBuildConfiguration;
			buildSettings = {
				ASSETCATALOG_COMPILER_APPICON_NAME = AppIcon;
				ASSETCATALOG_COMPILER_LAUNCHIMAGE_NAME = LaunchImage;
				GCC_PRECOMPILE_PREFIX_HEADER = YES;
				GCC_PREFIX_HEADER = "webview/webview-Prefix.pch";
				INFOPLIST_FILE = "webview/webview-Info.plist";
				PRODUCT_NAME = "$(TARGET_NAME)";
				WRAPPER_EXTENSION = app;
			};
			name = Release;
		};
		9BD51A961A5445DA00DE79CA /* Debug */ = {
			isa = XCBuildConfiguration;
			buildSettings = {
				BUNDLE_LOADER = "$(BUILT_PRODUCTS_DIR)/webview.app/webview";
				FRAMEWORK_SEARCH_PATHS = (
					"$(SDKROOT)/Developer/Library/Frameworks",
					"$(inherited)",
					"$(DEVELOPER_FRAMEWORKS_DIR)",
				);
				GCC_PRECOMPILE_PREFIX_HEADER = YES;
				GCC_PREFIX_HEADER = "webview/webview-Prefix.pch";
				GCC_PREPROCESSOR_DEFINITIONS = (
					"DEBUG=1",
					"$(inherited)",
				);
				INFOPLIST_FILE = "webviewTests/webviewTests-Info.plist";
				PRODUCT_NAME = "$(TARGET_NAME)";
				TEST_HOST = "$(BUNDLE_LOADER)";
				WRAPPER_EXTENSION = xctest;
			};
			name = Debug;
		};
		9BD51A971A5445DA00DE79CA /* Release */ = {
			isa = XCBuildConfiguration;
			buildSettings = {
				BUNDLE_LOADER = "$(BUILT_PRODUCTS_DIR)/webview.app/webview";
				FRAMEWORK_SEARCH_PATHS = (
					"$(SDKROOT)/Developer/Library/Frameworks",
					"$(inherited)",
					"$(DEVELOPER_FRAMEWORKS_DIR)",
				);
				GCC_PRECOMPILE_PREFIX_HEADER = YES;
				GCC_PREFIX_HEADER = "webview/webview-Prefix.pch";
				INFOPLIST_FILE = "webviewTests/webviewTests-Info.plist";
				PRODUCT_NAME = "$(TARGET_NAME)";
				TEST_HOST = "$(BUNDLE_LOADER)";
				WRAPPER_EXTENSION = xctest;
			};
			name = Release;
		};
/* End XCBuildConfiguration section */

/* Begin XCConfigurationList section */
		9BD51A581A5445DA00DE79CA /* Build configuration list for PBXProject "webview" */ = {
			isa = XCConfigurationList;
			buildConfigurations = (
				9BD51A901A5445DA00DE79CA /* Debug */,
				9BD51A911A5445DA00DE79CA /* Release */,
			);
			defaultConfigurationIsVisible = 0;
			defaultConfigurationName = Release;
		};
		9BD51A921A5445DA00DE79CA /* Build configuration list for PBXNativeTarget "webview" */ = {
			isa = XCConfigurationList;
			buildConfigurations = (
				9BD51A931A5445DA00DE79CA /* Debug */,
				9BD51A941A5445DA00DE79CA /* Release */,
			);
			defaultConfigurationIsVisible = 0;
		};
		9BD51A951A5445DA00DE79CA /* Build configuration list for PBXNativeTarget "webviewTests" */ = {
			isa = XCConfigurationList;
			buildConfigurations = (
				9BD51A961A5445DA00DE79CA /* Debug */,
				9BD51A971A5445DA00DE79CA /* Release */,
			);
			defaultConfigurationIsVisible = 0;
		};
/* End XCConfigurationList section */
	};
	rootObject = 9BD51A551A5445DA00DE79CA /* Project object */;
}
